
Microsoft Visual Studio Solution File, Format Version 12.00
# Visual Studio Version 17
VisualStudioVersion = 17.3.32929.385
MinimumVisualStudioVersion = 10.0.40219.1
Project("{FAE04EC0-301F-11D3-BF4B-00C04F79EFBC}") = "Практика 19-ПТПМ", "Практика 19-ПТПМ.csproj", "{4DD4F75F-17D2-4B46-9DB3-78F8BFF59903}"
EndProject
Global
	GlobalSection(SolutionConfigurationPlatforms) = preSolution
		Debug|Any CPU = Debug|Any CPU
		Release|Any CPU = Release|Any CPU
	EndGlobalSection
	GlobalSection(ProjectConfigurationPlatforms) = postSolution
		{4DD4F75F-17D2-4B46-9DB3-78F8BFF59903}.Debug|Any CPU.ActiveCfg = Debug|Any CPU
		{4DD4F75F-17D2-4B46-9DB3-78F8BFF59903}.Debug|Any CPU.Build.0 = Debug|Any CPU
		{4DD4F75F-17D2-4B46-9DB3-78F8BFF59903}.Release|Any CPU.ActiveCfg = Release|Any CPU
		{4DD4F75F-17D2-4B46-9DB3-78F8BFF59903}.Release|Any CPU.Build.0 = Release|Any CPU
	EndGlobalSection
	GlobalSection(SolutionProperties) = preSolution
		HideSolutionNode = FALSE
	EndGlobalSection
	GlobalSection(ExtensibilityGlobals) = postSolution
		SolutionGuid = {BB545CB5-8EDB-4DD9-BCAE-6B1DB8C595A4}
	EndGlobalSection
EndGlobal
